// !$*UTF8*$!
{
	archiveVersion = 1;
	classes = {
	};
	objectVersion = 50;
	objects = {

/* Begin PBXBuildFile section */
		2C39469ACAD32A0BDAA11828 /* Pods_EchonetScanner_EchonetScannerUITests.framework in Frameworks */ = {isa = PBXBuildFile; fileRef = EC03EEDB99E4684ABB1B0E2E /* Pods_EchonetScanner_EchonetScannerUITests.framework */; };
		76B34A620845CF5136DCF745 /* Pods_EchonetScanner.framework in Frameworks */ = {isa = PBXBuildFile; fileRef = E392316BF5296C01DB11438A /* Pods_EchonetScanner.framework */; };
		D67C01401377B2F542C6590F /* Pods_EchonetScannerTests.framework in Frameworks */ = {isa = PBXBuildFile; fileRef = 27308D84A6BECF5873009478 /* Pods_EchonetScannerTests.framework */; };
		F25BB298246ABBFA00CA89FF /* AppDelegate.swift in Sources */ = {isa = PBXBuildFile; fileRef = F25BB297246ABBFA00CA89FF /* AppDelegate.swift */; };
		F25BB29A246ABBFA00CA89FF /* SceneDelegate.swift in Sources */ = {isa = PBXBuildFile; fileRef = F25BB299246ABBFA00CA89FF /* SceneDelegate.swift */; };
		F25BB29C246ABBFA00CA89FF /* ContentView.swift in Sources */ = {isa = PBXBuildFile; fileRef = F25BB29B246ABBFA00CA89FF /* ContentView.swift */; };
		F25BB29E246ABBFC00CA89FF /* Assets.xcassets in Resources */ = {isa = PBXBuildFile; fileRef = F25BB29D246ABBFC00CA89FF /* Assets.xcassets */; };
		F25BB2A1246ABBFC00CA89FF /* Preview Assets.xcassets in Resources */ = {isa = PBXBuildFile; fileRef = F25BB2A0246ABBFC00CA89FF /* Preview Assets.xcassets */; };
		F25BB2A4246ABBFC00CA89FF /* LaunchScreen.storyboard in Resources */ = {isa = PBXBuildFile; fileRef = F25BB2A2246ABBFC00CA89FF /* LaunchScreen.storyboard */; };
		F25BB2AF246ABBFC00CA89FF /* EchonetScannerTests.swift in Sources */ = {isa = PBXBuildFile; fileRef = F25BB2AE246ABBFC00CA89FF /* EchonetScannerTests.swift */; };
		F25BB2BA246ABBFC00CA89FF /* EchonetScannerUITests.swift in Sources */ = {isa = PBXBuildFile; fileRef = F25BB2B9246ABBFC00CA89FF /* EchonetScannerUITests.swift */; };
		F25BB2C9246AC44100CA89FF /* UserData.swift in Sources */ = {isa = PBXBuildFile; fileRef = F25BB2C8246AC44100CA89FF /* UserData.swift */; };
		F25BB2CC246ACAAE00CA89FF /* Data.swift in Sources */ = {isa = PBXBuildFile; fileRef = F25BB2CB246ACAAE00CA89FF /* Data.swift */; };
		F25BB2CE246ACB1000CA89FF /* EchonetNode.swift in Sources */ = {isa = PBXBuildFile; fileRef = F25BB2CD246ACB1000CA89FF /* EchonetNode.swift */; };
		F25BB2D2246ACCD900CA89FF /* EchonetDefine.json in Resources */ = {isa = PBXBuildFile; fileRef = F25BB2D1246ACCD900CA89FF /* EchonetDefine.json */; };
		F2C073D4246C37A90087255B /* PropertyRow.swift in Sources */ = {isa = PBXBuildFile; fileRef = F2C073D3246C37A90087255B /* PropertyRow.swift */; };
		F2C073D6246CDB210087255B /* PropertyList.swift in Sources */ = {isa = PBXBuildFile; fileRef = F2C073D5246CDB210087255B /* PropertyList.swift */; };
		F2C073D8246D04460087255B /* NodeRow.swift in Sources */ = {isa = PBXBuildFile; fileRef = F2C073D7246D04460087255B /* NodeRow.swift */; };
		F2C073DA246D120A0087255B /* NodeList.swift in Sources */ = {isa = PBXBuildFile; fileRef = F2C073D9246D120A0087255B /* NodeList.swift */; };
/* End PBXBuildFile section */

/* Begin PBXContainerItemProxy section */
		F25BB2AB246ABBFC00CA89FF /* PBXContainerItemProxy */ = {
			isa = PBXContainerItemProxy;
			containerPortal = F25BB28C246ABBFA00CA89FF /* Project object */;
			proxyType = 1;
			remoteGlobalIDString = F25BB293246ABBFA00CA89FF;
			remoteInfo = EchonetScanner;
		};
		F25BB2B6246ABBFC00CA89FF /* PBXContainerItemProxy */ = {
			isa = PBXContainerItemProxy;
			containerPortal = F25BB28C246ABBFA00CA89FF /* Project object */;
			proxyType = 1;
			remoteGlobalIDString = F25BB293246ABBFA00CA89FF;
			remoteInfo = EchonetScanner;
		};
/* End PBXContainerItemProxy section */

/* Begin PBXFileReference section */
		27308D84A6BECF5873009478 /* Pods_EchonetScannerTests.framework */ = {isa = PBXFileReference; explicitFileType = wrapper.framework; includeInIndex = 0; path = Pods_EchonetScannerTests.framework; sourceTree = BUILT_PRODUCTS_DIR; };
		4C213100355DE28D1D42C41D /* Pods-EchonetScanner.debug.xcconfig */ = {isa = PBXFileReference; includeInIndex = 1; lastKnownFileType = text.xcconfig; name = "Pods-EchonetScanner.debug.xcconfig"; path = "Target Support Files/Pods-EchonetScanner/Pods-EchonetScanner.debug.xcconfig"; sourceTree = "<group>"; };
		644EED894C59E947E4FADC90 /* Pods-EchonetScannerTests.debug.xcconfig */ = {isa = PBXFileReference; includeInIndex = 1; lastKnownFileType = text.xcconfig; name = "Pods-EchonetScannerTests.debug.xcconfig"; path = "Target Support Files/Pods-EchonetScannerTests/Pods-EchonetScannerTests.debug.xcconfig"; sourceTree = "<group>"; };
		8255283E3E742AE621700DEF /* Pods-EchonetScanner.release.xcconfig */ = {isa = PBXFileReference; includeInIndex = 1; lastKnownFileType = text.xcconfig; name = "Pods-EchonetScanner.release.xcconfig"; path = "Target Support Files/Pods-EchonetScanner/Pods-EchonetScanner.release.xcconfig"; sourceTree = "<group>"; };
		966F06BE21A6E8F7D775DBC5 /* Pods-EchonetScanner-EchonetScannerUITests.debug.xcconfig */ = {isa = PBXFileReference; includeInIndex = 1; lastKnownFileType = text.xcconfig; name = "Pods-EchonetScanner-EchonetScannerUITests.debug.xcconfig"; path = "Target Support Files/Pods-EchonetScanner-EchonetScannerUITests/Pods-EchonetScanner-EchonetScannerUITests.debug.xcconfig"; sourceTree = "<group>"; };
		E392316BF5296C01DB11438A /* Pods_EchonetScanner.framework */ = {isa = PBXFileReference; explicitFileType = wrapper.framework; includeInIndex = 0; path = Pods_EchonetScanner.framework; sourceTree = BUILT_PRODUCTS_DIR; };
		EC03EEDB99E4684ABB1B0E2E /* Pods_EchonetScanner_EchonetScannerUITests.framework */ = {isa = PBXFileReference; explicitFileType = wrapper.framework; includeInIndex = 0; path = Pods_EchonetScanner_EchonetScannerUITests.framework; sourceTree = BUILT_PRODUCTS_DIR; };
		F25BB294246ABBFA00CA89FF /* EchonetScanner.app */ = {isa = PBXFileReference; explicitFileType = wrapper.application; includeInIndex = 0; path = EchonetScanner.app; sourceTree = BUILT_PRODUCTS_DIR; };
		F25BB297246ABBFA00CA89FF /* AppDelegate.swift */ = {isa = PBXFileReference; lastKnownFileType = sourcecode.swift; path = AppDelegate.swift; sourceTree = "<group>"; };
		F25BB299246ABBFA00CA89FF /* SceneDelegate.swift */ = {isa = PBXFileReference; lastKnownFileType = sourcecode.swift; path = SceneDelegate.swift; sourceTree = "<group>"; };
		F25BB29B246ABBFA00CA89FF /* ContentView.swift */ = {isa = PBXFileReference; lastKnownFileType = sourcecode.swift; path = ContentView.swift; sourceTree = "<group>"; };
		F25BB29D246ABBFC00CA89FF /* Assets.xcassets */ = {isa = PBXFileReference; lastKnownFileType = folder.assetcatalog; path = Assets.xcassets; sourceTree = "<group>"; };
		F25BB2A0246ABBFC00CA89FF /* Preview Assets.xcassets */ = {isa = PBXFileReference; lastKnownFileType = folder.assetcatalog; path = "Preview Assets.xcassets"; sourceTree = "<group>"; };
		F25BB2A3246ABBFC00CA89FF /* Base */ = {isa = PBXFileReference; lastKnownFileType = file.storyboard; name = Base; path = Base.lproj/LaunchScreen.storyboard; sourceTree = "<group>"; };
		F25BB2A5246ABBFC00CA89FF /* Info.plist */ = {isa = PBXFileReference; lastKnownFileType = text.plist.xml; path = Info.plist; sourceTree = "<group>"; };
		F25BB2AA246ABBFC00CA89FF /* EchonetScannerTests.xctest */ = {isa = PBXFileReference; explicitFileType = wrapper.cfbundle; includeInIndex = 0; path = EchonetScannerTests.xctest; sourceTree = BUILT_PRODUCTS_DIR; };
		F25BB2AE246ABBFC00CA89FF /* EchonetScannerTests.swift */ = {isa = PBXFileReference; lastKnownFileType = sourcecode.swift; path = EchonetScannerTests.swift; sourceTree = "<group>"; };
		F25BB2B0246ABBFC00CA89FF /* Info.plist */ = {isa = PBXFileReference; lastKnownFileType = text.plist.xml; path = Info.plist; sourceTree = "<group>"; };
		F25BB2B5246ABBFC00CA89FF /* EchonetScannerUITests.xctest */ = {isa = PBXFileReference; explicitFileType = wrapper.cfbundle; includeInIndex = 0; path = EchonetScannerUITests.xctest; sourceTree = BUILT_PRODUCTS_DIR; };
		F25BB2B9246ABBFC00CA89FF /* EchonetScannerUITests.swift */ = {isa = PBXFileReference; lastKnownFileType = sourcecode.swift; path = EchonetScannerUITests.swift; sourceTree = "<group>"; };
		F25BB2BB246ABBFC00CA89FF /* Info.plist */ = {isa = PBXFileReference; lastKnownFileType = text.plist.xml; path = Info.plist; sourceTree = "<group>"; };
		F25BB2C8246AC44100CA89FF /* UserData.swift */ = {isa = PBXFileReference; lastKnownFileType = sourcecode.swift; path = UserData.swift; sourceTree = "<group>"; };
		F25BB2CB246ACAAE00CA89FF /* Data.swift */ = {isa = PBXFileReference; lastKnownFileType = sourcecode.swift; path = Data.swift; sourceTree = "<group>"; };
		F25BB2CD246ACB1000CA89FF /* EchonetNode.swift */ = {isa = PBXFileReference; lastKnownFileType = sourcecode.swift; path = EchonetNode.swift; sourceTree = "<group>"; };
		F25BB2D1246ACCD900CA89FF /* EchonetDefine.json */ = {isa = PBXFileReference; lastKnownFileType = text.json; path = EchonetDefine.json; sourceTree = "<group>"; };
		F2C073D3246C37A90087255B /* PropertyRow.swift */ = {isa = PBXFileReference; lastKnownFileType = sourcecode.swift; path = PropertyRow.swift; sourceTree = "<group>"; };
		F2C073D5246CDB210087255B /* PropertyList.swift */ = {isa = PBXFileReference; lastKnownFileType = sourcecode.swift; path = PropertyList.swift; sourceTree = "<group>"; };
		F2C073D7246D04460087255B /* NodeRow.swift */ = {isa = PBXFileReference; lastKnownFileType = sourcecode.swift; path = NodeRow.swift; sourceTree = "<group>"; };
		F2C073D9246D120A0087255B /* NodeList.swift */ = {isa = PBXFileReference; lastKnownFileType = sourcecode.swift; path = NodeList.swift; sourceTree = "<group>"; };
		F76E8373AF8522DF798669D6 /* Pods-EchonetScannerTests.release.xcconfig */ = {isa = PBXFileReference; includeInIndex = 1; lastKnownFileType = text.xcconfig; name = "Pods-EchonetScannerTests.release.xcconfig"; path = "Target Support Files/Pods-EchonetScannerTests/Pods-EchonetScannerTests.release.xcconfig"; sourceTree = "<group>"; };
		FEB7060F6D0A92EE6F3BFBAB /* Pods-EchonetScanner-EchonetScannerUITests.release.xcconfig */ = {isa = PBXFileReference; includeInIndex = 1; lastKnownFileType = text.xcconfig; name = "Pods-EchonetScanner-EchonetScannerUITests.release.xcconfig"; path = "Target Support Files/Pods-EchonetScanner-EchonetScannerUITests/Pods-EchonetScanner-EchonetScannerUITests.release.xcconfig"; sourceTree = "<group>"; };
/* End PBXFileReference section */

/* Begin PBXFrameworksBuildPhase section */
		F25BB291246ABBFA00CA89FF /* Frameworks */ = {
			isa = PBXFrameworksBuildPhase;
			buildActionMask = 2147483647;
			files = (
				76B34A620845CF5136DCF745 /* Pods_EchonetScanner.framework in Frameworks */,
			);
			runOnlyForDeploymentPostprocessing = 0;
		};
		F25BB2A7246ABBFC00CA89FF /* Frameworks */ = {
			isa = PBXFrameworksBuildPhase;
			buildActionMask = 2147483647;
			files = (
				D67C01401377B2F542C6590F /* Pods_EchonetScannerTests.framework in Frameworks */,
			);
			runOnlyForDeploymentPostprocessing = 0;
		};
		F25BB2B2246ABBFC00CA89FF /* Frameworks */ = {
			isa = PBXFrameworksBuildPhase;
			buildActionMask = 2147483647;
			files = (
				2C39469ACAD32A0BDAA11828 /* Pods_EchonetScanner_EchonetScannerUITests.framework in Frameworks */,
			);
			runOnlyForDeploymentPostprocessing = 0;
		};
/* End PBXFrameworksBuildPhase section */

/* Begin PBXGroup section */
		9C83D7FD0E033A37515F680A /* Frameworks */ = {
			isa = PBXGroup;
			children = (
				E392316BF5296C01DB11438A /* Pods_EchonetScanner.framework */,
				EC03EEDB99E4684ABB1B0E2E /* Pods_EchonetScanner_EchonetScannerUITests.framework */,
				27308D84A6BECF5873009478 /* Pods_EchonetScannerTests.framework */,
			);
			name = Frameworks;
			sourceTree = "<group>";
		};
		F25BB28B246ABBFA00CA89FF = {
			isa = PBXGroup;
			children = (
				F25BB296246ABBFA00CA89FF /* EchonetScanner */,
				F25BB2AD246ABBFC00CA89FF /* EchonetScannerTests */,
				F25BB2B8246ABBFC00CA89FF /* EchonetScannerUITests */,
				F25BB295246ABBFA00CA89FF /* Products */,
				F9F8E64E4BF62AC89A4E0F44 /* Pods */,
				9C83D7FD0E033A37515F680A /* Frameworks */,
			);
			sourceTree = "<group>";
		};
		F25BB295246ABBFA00CA89FF /* Products */ = {
			isa = PBXGroup;
			children = (
				F25BB294246ABBFA00CA89FF /* EchonetScanner.app */,
				F25BB2AA246ABBFC00CA89FF /* EchonetScannerTests.xctest */,
				F25BB2B5246ABBFC00CA89FF /* EchonetScannerUITests.xctest */,
			);
			name = Products;
			sourceTree = "<group>";
		};
		F25BB296246ABBFA00CA89FF /* EchonetScanner */ = {
			isa = PBXGroup;
			children = (
				F25BB2CA246AC9E600CA89FF /* Resources */,
				F25BB2C7246AC41F00CA89FF /* Models */,
				F25BB297246ABBFA00CA89FF /* AppDelegate.swift */,
				F25BB299246ABBFA00CA89FF /* SceneDelegate.swift */,
				F25BB29B246ABBFA00CA89FF /* ContentView.swift */,
				F25BB29D246ABBFC00CA89FF /* Assets.xcassets */,
				F25BB2A2246ABBFC00CA89FF /* LaunchScreen.storyboard */,
				F25BB2A5246ABBFC00CA89FF /* Info.plist */,
				F25BB29F246ABBFC00CA89FF /* Preview Content */,
				F2C073D3246C37A90087255B /* PropertyRow.swift */,
				F2C073D5246CDB210087255B /* PropertyList.swift */,
				F2C073D7246D04460087255B /* NodeRow.swift */,
				F2C073D9246D120A0087255B /* NodeList.swift */,
			);
			path = EchonetScanner;
			sourceTree = "<group>";
		};
		F25BB29F246ABBFC00CA89FF /* Preview Content */ = {
			isa = PBXGroup;
			children = (
				F25BB2A0246ABBFC00CA89FF /* Preview Assets.xcassets */,
			);
			path = "Preview Content";
			sourceTree = "<group>";
		};
		F25BB2AD246ABBFC00CA89FF /* EchonetScannerTests */ = {
			isa = PBXGroup;
			children = (
				F25BB2AE246ABBFC00CA89FF /* EchonetScannerTests.swift */,
				F25BB2B0246ABBFC00CA89FF /* Info.plist */,
			);
			path = EchonetScannerTests;
			sourceTree = "<group>";
		};
		F25BB2B8246ABBFC00CA89FF /* EchonetScannerUITests */ = {
			isa = PBXGroup;
			children = (
				F25BB2B9246ABBFC00CA89FF /* EchonetScannerUITests.swift */,
				F25BB2BB246ABBFC00CA89FF /* Info.plist */,
			);
			path = EchonetScannerUITests;
			sourceTree = "<group>";
		};
		F25BB2C7246AC41F00CA89FF /* Models */ = {
			isa = PBXGroup;
			children = (
				F25BB2C8246AC44100CA89FF /* UserData.swift */,
				F25BB2CB246ACAAE00CA89FF /* Data.swift */,
				F25BB2CD246ACB1000CA89FF /* EchonetNode.swift */,
			);
			path = Models;
			sourceTree = "<group>";
		};
		F25BB2CA246AC9E600CA89FF /* Resources */ = {
			isa = PBXGroup;
			children = (
				F25BB2D1246ACCD900CA89FF /* EchonetDefine.json */,
			);
			path = Resources;
			sourceTree = "<group>";
		};
		F9F8E64E4BF62AC89A4E0F44 /* Pods */ = {
			isa = PBXGroup;
			children = (
				4C213100355DE28D1D42C41D /* Pods-EchonetScanner.debug.xcconfig */,
				8255283E3E742AE621700DEF /* Pods-EchonetScanner.release.xcconfig */,
				966F06BE21A6E8F7D775DBC5 /* Pods-EchonetScanner-EchonetScannerUITests.debug.xcconfig */,
				FEB7060F6D0A92EE6F3BFBAB /* Pods-EchonetScanner-EchonetScannerUITests.release.xcconfig */,
				644EED894C59E947E4FADC90 /* Pods-EchonetScannerTests.debug.xcconfig */,
				F76E8373AF8522DF798669D6 /* Pods-EchonetScannerTests.release.xcconfig */,
			);
			path = Pods;
			sourceTree = "<group>";
		};
/* End PBXGroup section */

/* Begin PBXNativeTarget section */
		F25BB293246ABBFA00CA89FF /* EchonetScanner */ = {
			isa = PBXNativeTarget;
			buildConfigurationList = F25BB2BE246ABBFC00CA89FF /* Build configuration list for PBXNativeTarget "EchonetScanner" */;
			buildPhases = (
				A7610C0376E07B37C25CC5F0 /* [CP] Check Pods Manifest.lock */,
				F25BB290246ABBFA00CA89FF /* Sources */,
				F25BB291246ABBFA00CA89FF /* Frameworks */,
				F25BB292246ABBFA00CA89FF /* Resources */,
				B545FB740D9BC63D8207F815 /* [CP] Embed Pods Frameworks */,
			);
			buildRules = (
			);
			dependencies = (
			);
			name = EchonetScanner;
			productName = EchonetScanner;
			productReference = F25BB294246ABBFA00CA89FF /* EchonetScanner.app */;
			productType = "com.apple.product-type.application";
		};
		F25BB2A9246ABBFC00CA89FF /* EchonetScannerTests */ = {
			isa = PBXNativeTarget;
			buildConfigurationList = F25BB2C1246ABBFC00CA89FF /* Build configuration list for PBXNativeTarget "EchonetScannerTests" */;
			buildPhases = (
				C1A085ECA00CF5019065F6E4 /* [CP] Check Pods Manifest.lock */,
				F25BB2A6246ABBFC00CA89FF /* Sources */,
				F25BB2A7246ABBFC00CA89FF /* Frameworks */,
				F25BB2A8246ABBFC00CA89FF /* Resources */,
			);
			buildRules = (
			);
			dependencies = (
				F25BB2AC246ABBFC00CA89FF /* PBXTargetDependency */,
			);
			name = EchonetScannerTests;
			productName = EchonetScannerTests;
			productReference = F25BB2AA246ABBFC00CA89FF /* EchonetScannerTests.xctest */;
			productType = "com.apple.product-type.bundle.unit-test";
		};
		F25BB2B4246ABBFC00CA89FF /* EchonetScannerUITests */ = {
			isa = PBXNativeTarget;
			buildConfigurationList = F25BB2C4246ABBFC00CA89FF /* Build configuration list for PBXNativeTarget "EchonetScannerUITests" */;
			buildPhases = (
				A9EA63F20E064392A898926C /* [CP] Check Pods Manifest.lock */,
				F25BB2B1246ABBFC00CA89FF /* Sources */,
				F25BB2B2246ABBFC00CA89FF /* Frameworks */,
				F25BB2B3246ABBFC00CA89FF /* Resources */,
				7617A4F8E8FF101C32BC7D2A /* [CP] Embed Pods Frameworks */,
			);
			buildRules = (
			);
			dependencies = (
				F25BB2B7246ABBFC00CA89FF /* PBXTargetDependency */,
			);
			name = EchonetScannerUITests;
			productName = EchonetScannerUITests;
			productReference = F25BB2B5246ABBFC00CA89FF /* EchonetScannerUITests.xctest */;
			productType = "com.apple.product-type.bundle.ui-testing";
		};
/* End PBXNativeTarget section */

/* Begin PBXProject section */
		F25BB28C246ABBFA00CA89FF /* Project object */ = {
			isa = PBXProject;
			attributes = {
				LastSwiftUpdateCheck = 1140;
				LastUpgradeCheck = 1140;
				ORGANIZATIONNAME = WinDesign;
				TargetAttributes = {
					F25BB293246ABBFA00CA89FF = {
						CreatedOnToolsVersion = 11.4.1;
					};
					F25BB2A9246ABBFC00CA89FF = {
						CreatedOnToolsVersion = 11.4.1;
						TestTargetID = F25BB293246ABBFA00CA89FF;
					};
					F25BB2B4246ABBFC00CA89FF = {
						CreatedOnToolsVersion = 11.4.1;
						TestTargetID = F25BB293246ABBFA00CA89FF;
					};
				};
			};
			buildConfigurationList = F25BB28F246ABBFA00CA89FF /* Build configuration list for PBXProject "EchonetScanner" */;
			compatibilityVersion = "Xcode 9.3";
			developmentRegion = en;
			hasScannedForEncodings = 0;
			knownRegions = (
				en,
				Base,
			);
			mainGroup = F25BB28B246ABBFA00CA89FF;
			productRefGroup = F25BB295246ABBFA00CA89FF /* Products */;
			projectDirPath = "";
			projectRoot = "";
			targets = (
				F25BB293246ABBFA00CA89FF /* EchonetScanner */,
				F25BB2A9246ABBFC00CA89FF /* EchonetScannerTests */,
				F25BB2B4246ABBFC00CA89FF /* EchonetScannerUITests */,
			);
		};
/* End PBXProject section */

/* Begin PBXResourcesBuildPhase section */
		F25BB292246ABBFA00CA89FF /* Resources */ = {
			isa = PBXResourcesBuildPhase;
			buildActionMask = 2147483647;
			files = (
				F25BB2A4246ABBFC00CA89FF /* LaunchScreen.storyboard in Resources */,
				F25BB2D2246ACCD900CA89FF /* EchonetDefine.json in Resources */,
				F25BB2A1246ABBFC00CA89FF /* Preview Assets.xcassets in Resources */,
				F25BB29E246ABBFC00CA89FF /* Assets.xcassets in Resources */,
			);
			runOnlyForDeploymentPostprocessing = 0;
		};
		F25BB2A8246ABBFC00CA89FF /* Resources */ = {
			isa = PBXResourcesBuildPhase;
			buildActionMask = 2147483647;
			files = (
			);
			runOnlyForDeploymentPostprocessing = 0;
		};
		F25BB2B3246ABBFC00CA89FF /* Resources */ = {
			isa = PBXResourcesBuildPhase;
			buildActionMask = 2147483647;
			files = (
			);
			runOnlyForDeploymentPostprocessing = 0;
		};
/* End PBXResourcesBuildPhase section */

/* Begin PBXShellScriptBuildPhase section */
		7617A4F8E8FF101C32BC7D2A /* [CP] Embed Pods Frameworks */ = {
			isa = PBXShellScriptBuildPhase;
			buildActionMask = 2147483647;
			files = (
			);
			inputFileListPaths = (
				"${PODS_ROOT}/Target Support Files/Pods-EchonetScanner-EchonetScannerUITests/Pods-EchonetScanner-EchonetScannerUITests-frameworks-${CONFIGURATION}-input-files.xcfilelist",
			);
			name = "[CP] Embed Pods Frameworks";
			outputFileListPaths = (
				"${PODS_ROOT}/Target Support Files/Pods-EchonetScanner-EchonetScannerUITests/Pods-EchonetScanner-EchonetScannerUITests-frameworks-${CONFIGURATION}-output-files.xcfilelist",
			);
			runOnlyForDeploymentPostprocessing = 0;
			shellPath = /bin/sh;
			shellScript = "\"${PODS_ROOT}/Target Support Files/Pods-EchonetScanner-EchonetScannerUITests/Pods-EchonetScanner-EchonetScannerUITests-frameworks.sh\"\n";
			showEnvVarsInLog = 0;
		};
		A7610C0376E07B37C25CC5F0 /* [CP] Check Pods Manifest.lock */ = {
			isa = PBXShellScriptBuildPhase;
			buildActionMask = 2147483647;
			files = (
			);
			inputFileListPaths = (
			);
			inputPaths = (
				"${PODS_PODFILE_DIR_PATH}/Podfile.lock",
				"${PODS_ROOT}/Manifest.lock",
			);
			name = "[CP] Check Pods Manifest.lock";
			outputFileListPaths = (
			);
			outputPaths = (
				"$(DERIVED_FILE_DIR)/Pods-EchonetScanner-checkManifestLockResult.txt",
			);
			runOnlyForDeploymentPostprocessing = 0;
			shellPath = /bin/sh;
			shellScript = "diff \"${PODS_PODFILE_DIR_PATH}/Podfile.lock\" \"${PODS_ROOT}/Manifest.lock\" > /dev/null\nif [ $? != 0 ] ; then\n    # print error to STDERR\n    echo \"error: The sandbox is not in sync with the Podfile.lock. Run 'pod install' or update your CocoaPods installation.\" >&2\n    exit 1\nfi\n# This output is used by Xcode 'outputs' to avoid re-running this script phase.\necho \"SUCCESS\" > \"${SCRIPT_OUTPUT_FILE_0}\"\n";
			showEnvVarsInLog = 0;
		};
		A9EA63F20E064392A898926C /* [CP] Check Pods Manifest.lock */ = {
			isa = PBXShellScriptBuildPhase;
			buildActionMask = 2147483647;
			files = (
			);
			inputFileListPaths = (
			);
			inputPaths = (
				"${PODS_PODFILE_DIR_PATH}/Podfile.lock",
				"${PODS_ROOT}/Manifest.lock",
			);
			name = "[CP] Check Pods Manifest.lock";
			outputFileListPaths = (
			);
			outputPaths = (
				"$(DERIVED_FILE_DIR)/Pods-EchonetScanner-EchonetScannerUITests-checkManifestLockResult.txt",
			);
			runOnlyForDeploymentPostprocessing = 0;
			shellPath = /bin/sh;
			shellScript = "diff \"${PODS_PODFILE_DIR_PATH}/Podfile.lock\" \"${PODS_ROOT}/Manifest.lock\" > /dev/null\nif [ $? != 0 ] ; then\n    # print error to STDERR\n    echo \"error: The sandbox is not in sync with the Podfile.lock. Run 'pod install' or update your CocoaPods installation.\" >&2\n    exit 1\nfi\n# This output is used by Xcode 'outputs' to avoid re-running this script phase.\necho \"SUCCESS\" > \"${SCRIPT_OUTPUT_FILE_0}\"\n";
			showEnvVarsInLog = 0;
		};
		B545FB740D9BC63D8207F815 /* [CP] Embed Pods Frameworks */ = {
			isa = PBXShellScriptBuildPhase;
			buildActionMask = 2147483647;
			files = (
			);
			inputFileListPaths = (
				"${PODS_ROOT}/Target Support Files/Pods-EchonetScanner/Pods-EchonetScanner-frameworks-${CONFIGURATION}-input-files.xcfilelist",
			);
			name = "[CP] Embed Pods Frameworks";
			outputFileListPaths = (
				"${PODS_ROOT}/Target Support Files/Pods-EchonetScanner/Pods-EchonetScanner-frameworks-${CONFIGURATION}-output-files.xcfilelist",
			);
			runOnlyForDeploymentPostprocessing = 0;
			shellPath = /bin/sh;
			shellScript = "\"${PODS_ROOT}/Target Support Files/Pods-EchonetScanner/Pods-EchonetScanner-frameworks.sh\"\n";
			showEnvVarsInLog = 0;
		};
		C1A085ECA00CF5019065F6E4 /* [CP] Check Pods Manifest.lock */ = {
			isa = PBXShellScriptBuildPhase;
			buildActionMask = 2147483647;
			files = (
			);
			inputFileListPaths = (
			);
			inputPaths = (
				"${PODS_PODFILE_DIR_PATH}/Podfile.lock",
				"${PODS_ROOT}/Manifest.lock",
			);
			name = "[CP] Check Pods Manifest.lock";
			outputFileListPaths = (
			);
			outputPaths = (
				"$(DERIVED_FILE_DIR)/Pods-EchonetScannerTests-checkManifestLockResult.txt",
			);
			runOnlyForDeploymentPostprocessing = 0;
			shellPath = /bin/sh;
			shellScript = "diff \"${PODS_PODFILE_DIR_PATH}/Podfile.lock\" \"${PODS_ROOT}/Manifest.lock\" > /dev/null\nif [ $? != 0 ] ; then\n    # print error to STDERR\n    echo \"error: The sandbox is not in sync with the Podfile.lock. Run 'pod install' or update your CocoaPods installation.\" >&2\n    exit 1\nfi\n# This output is used by Xcode 'outputs' to avoid re-running this script phase.\necho \"SUCCESS\" > \"${SCRIPT_OUTPUT_FILE_0}\"\n";
			showEnvVarsInLog = 0;
		};
/* End PBXShellScriptBuildPhase section */

/* Begin PBXSourcesBuildPhase section */
		F25BB290246ABBFA00CA89FF /* Sources */ = {
			isa = PBXSourcesBuildPhase;
			buildActionMask = 2147483647;
			files = (
				F25BB298246ABBFA00CA89FF /* AppDelegate.swift in Sources */,
				F25BB2CC246ACAAE00CA89FF /* Data.swift in Sources */,
				F2C073D8246D04460087255B /* NodeRow.swift in Sources */,
				F25BB2CE246ACB1000CA89FF /* EchonetNode.swift in Sources */,
				F25BB29A246ABBFA00CA89FF /* SceneDelegate.swift in Sources */,
				F2C073D4246C37A90087255B /* PropertyRow.swift in Sources */,
				F25BB2C9246AC44100CA89FF /* UserData.swift in Sources */,
				F2C073DA246D120A0087255B /* NodeList.swift in Sources */,
				F2C073D6246CDB210087255B /* PropertyList.swift in Sources */,
				F25BB29C246ABBFA00CA89FF /* ContentView.swift in Sources */,
			);
			runOnlyForDeploymentPostprocessing = 0;
		};
		F25BB2A6246ABBFC00CA89FF /* Sources */ = {
			isa = PBXSourcesBuildPhase;
			buildActionMask = 2147483647;
			files = (
				F25BB2AF246ABBFC00CA89FF /* EchonetScannerTests.swift in Sources */,
			);
			runOnlyForDeploymentPostprocessing = 0;
		};
		F25BB2B1246ABBFC00CA89FF /* Sources */ = {
			isa = PBXSourcesBuildPhase;
			buildActionMask = 2147483647;
			files = (
				F25BB2BA246ABBFC00CA89FF /* EchonetScannerUITests.swift in Sources */,
			);
			runOnlyForDeploymentPostprocessing = 0;
		};
/* End PBXSourcesBuildPhase section */

/* Begin PBXTargetDependency section */
		F25BB2AC246ABBFC00CA89FF /* PBXTargetDependency */ = {
			isa = PBXTargetDependency;
			target = F25BB293246ABBFA00CA89FF /* EchonetScanner */;
			targetProxy = F25BB2AB246ABBFC00CA89FF /* PBXContainerItemProxy */;
		};
		F25BB2B7246ABBFC00CA89FF /* PBXTargetDependency */ = {
			isa = PBXTargetDependency;
			target = F25BB293246ABBFA00CA89FF /* EchonetScanner */;
			targetProxy = F25BB2B6246ABBFC00CA89FF /* PBXContainerItemProxy */;
		};
/* End PBXTargetDependency section */

/* Begin PBXVariantGroup section */
		F25BB2A2246ABBFC00CA89FF /* LaunchScreen.storyboard */ = {
			isa = PBXVariantGroup;
			children = (
				F25BB2A3246ABBFC00CA89FF /* Base */,
			);
			name = LaunchScreen.storyboard;
			sourceTree = "<group>";
		};
/* End PBXVariantGroup section */

/* Begin XCBuildConfiguration section */
		F25BB2BC246ABBFC00CA89FF /* Debug */ = {
			isa = XCBuildConfiguration;
			buildSettings = {
				ALWAYS_SEARCH_USER_PATHS = NO;
				CLANG_ANALYZER_NONNULL = YES;
				CLANG_ANALYZER_NUMBER_OBJECT_CONVERSION = YES_AGGRESSIVE;
				CLANG_CXX_LANGUAGE_STANDARD = "gnu++14";
				CLANG_CXX_LIBRARY = "libc++";
				CLANG_ENABLE_MODULES = YES;
				CLANG_ENABLE_OBJC_ARC = YES;
				CLANG_ENABLE_OBJC_WEAK = YES;
				CLANG_WARN_BLOCK_CAPTURE_AUTORELEASING = YES;
				CLANG_WARN_BOOL_CONVERSION = YES;
				CLANG_WARN_COMMA = YES;
				CLANG_WARN_CONSTANT_CONVERSION = YES;
				CLANG_WARN_DEPRECATED_OBJC_IMPLEMENTATIONS = YES;
				CLANG_WARN_DIRECT_OBJC_ISA_USAGE = YES_ERROR;
				CLANG_WARN_DOCUMENTATION_COMMENTS = YES;
				CLANG_WARN_EMPTY_BODY = YES;
				CLANG_WARN_ENUM_CONVERSION = YES;
				CLANG_WARN_INFINITE_RECURSION = YES;
				CLANG_WARN_INT_CONVERSION = YES;
				CLANG_WARN_NON_LITERAL_NULL_CONVERSION = YES;
				CLANG_WARN_OBJC_IMPLICIT_RETAIN_SELF = YES;
				CLANG_WARN_OBJC_LITERAL_CONVERSION = YES;
				CLANG_WARN_OBJC_ROOT_CLASS = YES_ERROR;
				CLANG_WARN_RANGE_LOOP_ANALYSIS = YES;
				CLANG_WARN_STRICT_PROTOTYPES = YES;
				CLANG_WARN_SUSPICIOUS_MOVE = YES;
				CLANG_WARN_UNGUARDED_AVAILABILITY = YES_AGGRESSIVE;
				CLANG_WARN_UNREACHABLE_CODE = YES;
				CLANG_WARN__DUPLICATE_METHOD_MATCH = YES;
				COPY_PHASE_STRIP = NO;
				DEBUG_INFORMATION_FORMAT = dwarf;
				ENABLE_STRICT_OBJC_MSGSEND = YES;
				ENABLE_TESTABILITY = YES;
				GCC_C_LANGUAGE_STANDARD = gnu11;
				GCC_DYNAMIC_NO_PIC = NO;
				GCC_NO_COMMON_BLOCKS = YES;
				GCC_OPTIMIZATION_LEVEL = 0;
				GCC_PREPROCESSOR_DEFINITIONS = (
					"DEBUG=1",
					"$(inherited)",
				);
				GCC_WARN_64_TO_32_BIT_CONVERSION = YES;
				GCC_WARN_ABOUT_RETURN_TYPE = YES_ERROR;
				GCC_WARN_UNDECLARED_SELECTOR = YES;
				GCC_WARN_UNINITIALIZED_AUTOS = YES_AGGRESSIVE;
				GCC_WARN_UNUSED_FUNCTION = YES;
				GCC_WARN_UNUSED_VARIABLE = YES;
				IPHONEOS_DEPLOYMENT_TARGET = 13.4;
				MTL_ENABLE_DEBUG_INFO = INCLUDE_SOURCE;
				MTL_FAST_MATH = YES;
				ONLY_ACTIVE_ARCH = YES;
				SDKROOT = iphoneos;
				SWIFT_ACTIVE_COMPILATION_CONDITIONS = DEBUG;
				SWIFT_OPTIMIZATION_LEVEL = "-Onone";
			};
			name = Debug;
		};
		F25BB2BD246ABBFC00CA89FF /* Release */ = {
			isa = XCBuildConfiguration;
			buildSettings = {
				ALWAYS_SEARCH_USER_PATHS = NO;
				CLANG_ANALYZER_NONNULL = YES;
				CLANG_ANALYZER_NUMBER_OBJECT_CONVERSION = YES_AGGRESSIVE;
				CLANG_CXX_LANGUAGE_STANDARD = "gnu++14";
				CLANG_CXX_LIBRARY = "libc++";
				CLANG_ENABLE_MODULES = YES;
				CLANG_ENABLE_OBJC_ARC = YES;
				CLANG_ENABLE_OBJC_WEAK = YES;
				CLANG_WARN_BLOCK_CAPTURE_AUTORELEASING = YES;
				CLANG_WARN_BOOL_CONVERSION = YES;
				CLANG_WARN_COMMA = YES;
				CLANG_WARN_CONSTANT_CONVERSION = YES;
				CLANG_WARN_DEPRECATED_OBJC_IMPLEMENTATIONS = YES;
				CLANG_WARN_DIRECT_OBJC_ISA_USAGE = YES_ERROR;
				CLANG_WARN_DOCUMENTATION_COMMENTS = YES;
				CLANG_WARN_EMPTY_BODY = YES;
				CLANG_WARN_ENUM_CONVERSION = YES;
				CLANG_WARN_INFINITE_RECURSION = YES;
				CLANG_WARN_INT_CONVERSION = YES;
				CLANG_WARN_NON_LITERAL_NULL_CONVERSION = YES;
				CLANG_WARN_OBJC_IMPLICIT_RETAIN_SELF = YES;
				CLANG_WARN_OBJC_LITERAL_CONVERSION = YES;
				CLANG_WARN_OBJC_ROOT_CLASS = YES_ERROR;
				CLANG_WARN_RANGE_LOOP_ANALYSIS = YES;
				CLANG_WARN_STRICT_PROTOTYPES = YES;
				CLANG_WARN_SUSPICIOUS_MOVE = YES;
				CLANG_WARN_UNGUARDED_AVAILABILITY = YES_AGGRESSIVE;
				CLANG_WARN_UNREACHABLE_CODE = YES;
				CLANG_WARN__DUPLICATE_METHOD_MATCH = YES;
				COPY_PHASE_STRIP = NO;
				DEBUG_INFORMATION_FORMAT = "dwarf-with-dsym";
				ENABLE_NS_ASSERTIONS = NO;
				ENABLE_STRICT_OBJC_MSGSEND = YES;
				GCC_C_LANGUAGE_STANDARD = gnu11;
				GCC_NO_COMMON_BLOCKS = YES;
				GCC_WARN_64_TO_32_BIT_CONVERSION = YES;
				GCC_WARN_ABOUT_RETURN_TYPE = YES_ERROR;
				GCC_WARN_UNDECLARED_SELECTOR = YES;
				GCC_WARN_UNINITIALIZED_AUTOS = YES_AGGRESSIVE;
				GCC_WARN_UNUSED_FUNCTION = YES;
				GCC_WARN_UNUSED_VARIABLE = YES;
				IPHONEOS_DEPLOYMENT_TARGET = 13.4;
				MTL_ENABLE_DEBUG_INFO = NO;
				MTL_FAST_MATH = YES;
				SDKROOT = iphoneos;
				SWIFT_COMPILATION_MODE = wholemodule;
				SWIFT_OPTIMIZATION_LEVEL = "-O";
				VALIDATE_PRODUCT = YES;
			};
			name = Release;
		};
		F25BB2BF246ABBFC00CA89FF /* Debug */ = {
			isa = XCBuildConfiguration;
			baseConfigurationReference = 4C213100355DE28D1D42C41D /* Pods-EchonetScanner.debug.xcconfig */;
			buildSettings = {
				ASSETCATALOG_COMPILER_APPICON_NAME = AppIcon;
				CODE_SIGN_STYLE = Automatic;
				DEVELOPMENT_ASSET_PATHS = "\"EchonetScanner/Preview Content\"";
				DEVELOPMENT_TEAM = A6J84MTW93;
				ENABLE_PREVIEWS = YES;
				INFOPLIST_FILE = EchonetScanner/Info.plist;
				LD_RUNPATH_SEARCH_PATHS = (
					"$(inherited)",
					"@executable_path/Frameworks",
				);
				PRODUCT_BUNDLE_IDENTIFIER = work.windesign.EchonetScanner;
				PRODUCT_NAME = "$(TARGET_NAME)";
				SWIFT_VERSION = 5.0;
				TARGETED_DEVICE_FAMILY = "1,2";
			};
			name = Debug;
		};
		F25BB2C0246ABBFC00CA89FF /* Release */ = {
			isa = XCBuildConfiguration;
			baseConfigurationReference = 8255283E3E742AE621700DEF /* Pods-EchonetScanner.release.xcconfig */;
			buildSettings = {
				ASSETCATALOG_COMPILER_APPICON_NAME = AppIcon;
				CODE_SIGN_STYLE = Automatic;
				DEVELOPMENT_ASSET_PATHS = "\"EchonetScanner/Preview Content\"";
				DEVELOPMENT_TEAM = A6J84MTW93;
				ENABLE_PREVIEWS = YES;
				INFOPLIST_FILE = EchonetScanner/Info.plist;
				LD_RUNPATH_SEARCH_PATHS = (
					"$(inherited)",
					"@executable_path/Frameworks",
				);
				PRODUCT_BUNDLE_IDENTIFIER = work.windesign.EchonetScanner;
				PRODUCT_NAME = "$(TARGET_NAME)";
				SWIFT_VERSION = 5.0;
				TARGETED_DEVICE_FAMILY = "1,2";
			};
			name = Release;
		};
		F25BB2C2246ABBFC00CA89FF /* Debug */ = {
			isa = XCBuildConfiguration;
			baseConfigurationReference = 644EED894C59E947E4FADC90 /* Pods-EchonetScannerTests.debug.xcconfig */;
			buildSettings = {
				ALWAYS_EMBED_SWIFT_STANDARD_LIBRARIES = YES;
				BUNDLE_LOADER = "$(TEST_HOST)";
				CODE_SIGN_STYLE = Automatic;
				INFOPLIST_FILE = EchonetScannerTests/Info.plist;
				IPHONEOS_DEPLOYMENT_TARGET = 13.4;
				LD_RUNPATH_SEARCH_PATHS = (
					"$(inherited)",
					"@executable_path/Frameworks",
					"@loader_path/Frameworks",
				);
				PRODUCT_BUNDLE_IDENTIFIER = work.windesign.EchonetScannerTests;
				PRODUCT_NAME = "$(TARGET_NAME)";
				SWIFT_VERSION = 5.0;
				TARGETED_DEVICE_FAMILY = "1,2";
				TEST_HOST = "$(BUILT_PRODUCTS_DIR)/EchonetScanner.app/EchonetScanner";
			};
			name = Debug;
		};
		F25BB2C3246ABBFC00CA89FF /* Release */ = {
			isa = XCBuildConfiguration;
			baseConfigurationReference = F76E8373AF8522DF798669D6 /* Pods-EchonetScannerTests.release.xcconfig */;
			buildSettings = {
				ALWAYS_EMBED_SWIFT_STANDARD_LIBRARIES = YES;
				BUNDLE_LOADER = "$(TEST_HOST)";
				CODE_SIGN_STYLE = Automatic;
				INFOPLIST_FILE = EchonetScannerTests/Info.plist;
				IPHONEOS_DEPLOYMENT_TARGET = 13.4;
				LD_RUNPATH_SEARCH_PATHS = (
					"$(inherited)",
					"@executable_path/Frameworks",
					"@loader_path/Frameworks",
				);
				PRODUCT_BUNDLE_IDENTIFIER = work.windesign.EchonetScannerTests;
				PRODUCT_NAME = "$(TARGET_NAME)";
				SWIFT_VERSION = 5.0;
				TARGETED_DEVICE_FAMILY = "1,2";
				TEST_HOST = "$(BUILT_PRODUCTS_DIR)/EchonetScanner.app/EchonetScanner";
			};
			name = Release;
		};
		F25BB2C5246ABBFC00CA89FF /* Debug */ = {
			isa = XCBuildConfiguration;
			baseConfigurationReference = 966F06BE21A6E8F7D775DBC5 /* Pods-EchonetScanner-EchonetScannerUITests.debug.xcconfig */;
			buildSettings = {
				ALWAYS_EMBED_SWIFT_STANDARD_LIBRARIES = YES;
				CODE_SIGN_STYLE = Automatic;
				INFOPLIST_FILE = EchonetScannerUITests/Info.plist;
				LD_RUNPATH_SEARCH_PATHS = (
					"$(inherited)",
					"@executable_path/Frameworks",
					"@loader_path/Frameworks",
				);
				PRODUCT_BUNDLE_IDENTIFIER = work.windesign.EchonetScannerUITests;
				PRODUCT_NAME = "$(TARGET_NAME)";
				SWIFT_VERSION = 5.0;
				TARGETED_DEVICE_FAMILY = "1,2";
				TEST_TARGET_NAME = EchonetScanner;
			};
			name = Debug;
		};
		F25BB2C6246ABBFC00CA89FF /* Release */ = {
			isa = XCBuildConfiguration;
			baseConfigurationReference = FEB7060F6D0A92EE6F3BFBAB /* Pods-EchonetScanner-EchonetScannerUITests.release.xcconfig */;
			buildSettings = {
				ALWAYS_EMBED_SWIFT_STANDARD_LIBRARIES = YES;
				CODE_SIGN_STYLE = Automatic;
				INFOPLIST_FILE = EchonetScannerUITests/Info.plist;
				LD_RUNPATH_SEARCH_PATHS = (
					"$(inherited)",
					"@executable_path/Frameworks",
					"@loader_path/Frameworks",
				);
				PRODUCT_BUNDLE_IDENTIFIER = work.windesign.EchonetScannerUITests;
				PRODUCT_NAME = "$(TARGET_NAME)";
				SWIFT_VERSION = 5.0;
				TARGETED_DEVICE_FAMILY = "1,2";
				TEST_TARGET_NAME = EchonetScanner;
			};
			name = Release;
		};
/* End XCBuildConfiguration section */

/* Begin XCConfigurationList section */
		F25BB28F246ABBFA00CA89FF /* Build configuration list for PBXProject "EchonetScanner" */ = {
			isa = XCConfigurationList;
			buildConfigurations = (
				F25BB2BC246ABBFC00CA89FF /* Debug */,
				F25BB2BD246ABBFC00CA89FF /* Release */,
			);
			defaultConfigurationIsVisible = 0;
			defaultConfigurationName = Release;
		};
		F25BB2BE246ABBFC00CA89FF /* Build configuration list for PBXNativeTarget "EchonetScanner" */ = {
			isa = XCConfigurationList;
			buildConfigurations = (
				F25BB2BF246ABBFC00CA89FF /* Debug */,
				F25BB2C0246ABBFC00CA89FF /* Release */,
			);
			defaultConfigurationIsVisible = 0;
			defaultConfigurationName = Release;
		};
		F25BB2C1246ABBFC00CA89FF /* Build configuration list for PBXNativeTarget "EchonetScannerTests" */ = {
			isa = XCConfigurationList;
			buildConfigurations = (
				F25BB2C2246ABBFC00CA89FF /* Debug */,
				F25BB2C3246ABBFC00CA89FF /* Release */,
			);
			defaultConfigurationIsVisible = 0;
			defaultConfigurationName = Release;
		};
		F25BB2C4246ABBFC00CA89FF /* Build configuration list for PBXNativeTarget "EchonetScannerUITests" */ = {
			isa = XCConfigurationList;
			buildConfigurations = (
				F25BB2C5246ABBFC00CA89FF /* Debug */,
				F25BB2C6246ABBFC00CA89FF /* Release */,
			);
			defaultConfigurationIsVisible = 0;
			defaultConfigurationName = Release;
		};
/* End XCConfigurationList section */
	};
	rootObject = F25BB28C246ABBFA00CA89FF /* Project object */;
}
